
Microsoft Visual Studio Solution File, Format Version 12.00
# Visual Studio Version 17
VisualStudioVersion = 17.1.32319.34
MinimumVisualStudioVersion = 10.0.40219.1
Project("{FAE04EC0-301F-11D3-BF4B-00C04F79EFBC}") = "dotnet_crud_mvc", "dotnet_crud_mvc\dotnet_crud_mvc.csproj", "{FA6365E7-41C7-44EC-972E-64936C82D323}"
EndProject
Global
	GlobalSection(SolutionConfigurationPlatforms) = preSolution
		Debug|Any CPU = Debug|Any CPU
		Release|Any CPU = Release|Any CPU
	EndGlobalSection
	GlobalSection(ProjectConfigurationPlatforms) = postSolution
		{FA6365E7-41C7-44EC-972E-64936C82D323}.Debug|Any CPU.ActiveCfg = Debug|Any CPU
		{FA6365E7-41C7-44EC-972E-64936C82D323}.Debug|Any CPU.Build.0 = Debug|Any CPU
		{FA6365E7-41C7-44EC-972E-64936C82D323}.Release|Any CPU.ActiveCfg = Release|Any CPU
		{FA6365E7-41C7-44EC-972E-64936C82D323}.Release|Any CPU.Build.0 = Release|Any CPU
	EndGlobalSection
	GlobalSection(SolutionProperties) = preSolution
		HideSolutionNode = FALSE
	EndGlobalSection
	GlobalSection(ExtensibilityGlobals) = postSolution
		SolutionGuid = {EE7F4AFB-7147-4354-8991-F43A11561250}
	EndGlobalSection
EndGlobal
